
Microsoft Visual Studio Solution File, Format Version 12.00
# Visual Studio Version 16
VisualStudioVersion = 16.0.29905.134
MinimumVisualStudioVersion = 10.0.40219.1
Project("{FAE04EC0-301F-11D3-BF4B-00C04F79EFBC}") = "GaiaWordAddIn", "src\word-addin\word-addin.csproj", "{77A6833E-7421-4D5C-9D35-1A1A6C840061}"
EndProject
Global
	GlobalSection(SolutionConfigurationPlatforms) = preSolution
		Debug|Any CPU = Debug|Any CPU
		Release|Any CPU = Release|Any CPU
	EndGlobalSection
	GlobalSection(ProjectConfigurationPlatforms) = postSolution
		{77A6833E-7421-4D5C-9D35-1A1A6C840061}.Debug|Any CPU.ActiveCfg = Debug|Any CPU
		{77A6833E-7421-4D5C-9D35-1A1A6C840061}.Debug|Any CPU.Build.0 = Debug|Any CPU
		{77A6833E-7421-4D5C-9D35-1A1A6C840061}.Release|Any CPU.ActiveCfg = Release|Any CPU
		{77A6833E-7421-4D5C-9D35-1A1A6C840061}.Release|Any CPU.Build.0 = Release|Any CPU
	EndGlobalSection
	GlobalSection(SolutionProperties) = preSolution
		HideSolutionNode = FALSE
	EndGlobalSection
	GlobalSection(ExtensibilityGlobals) = postSolution
		SolutionGuid = {A4B85750-826C-4BD9-819B-719EA841113F}
	EndGlobalSection
EndGlobal
